
Microsoft Visual Studio Solution File, Format Version 12.00
# Visual Studio Version 16
VisualStudioVersion = 16.0.29209.152
MinimumVisualStudioVersion = 10.0.40219.1
Project("{FAE04EC0-301F-11D3-BF4B-00C04F79EFBC}") = "GitTableauCleanFilter", "GitTableauCleanFilter\GitTableauCleanFilter.csproj", "{63191D0D-AD98-44CE-85A7-83ED2A40E4DA}"
EndProject
Global
	GlobalSection(SolutionConfigurationPlatforms) = preSolution
		Debug|Any CPU = Debug|Any CPU
		Release|Any CPU = Release|Any CPU
	EndGlobalSection
	GlobalSection(ProjectConfigurationPlatforms) = postSolution
		{63191D0D-AD98-44CE-85A7-83ED2A40E4DA}.Debug|Any CPU.ActiveCfg = Debug|Any CPU
		{63191D0D-AD98-44CE-85A7-83ED2A40E4DA}.Debug|Any CPU.Build.0 = Debug|Any CPU
		{63191D0D-AD98-44CE-85A7-83ED2A40E4DA}.Release|Any CPU.ActiveCfg = Release|Any CPU
		{63191D0D-AD98-44CE-85A7-83ED2A40E4DA}.Release|Any CPU.Build.0 = Release|Any CPU
	EndGlobalSection
	GlobalSection(SolutionProperties) = preSolution
		HideSolutionNode = FALSE
	EndGlobalSection
	GlobalSection(ExtensibilityGlobals) = postSolution
		SolutionGuid = {3A284BC3-1B8B-48B0-BCBA-28060EF38D23}
	EndGlobalSection
EndGlobal
